
Microsoft Visual Studio Solution File, Format Version 12.00
# Visual Studio Version 17
VisualStudioVersion = 17.8.34330.188
MinimumVisualStudioVersion = 10.0.40219.1
Project("{FAE04EC0-301F-11D3-BF4B-00C04F79EFBC}") = "Notes", "Notes\Notes.csproj", "{16109282-5A65-4E93-98F5-BEA31EEF0AA8}"
EndProject
Global
	GlobalSection(SolutionConfigurationPlatforms) = preSolution
		Debug|Any CPU = Debug|Any CPU
		Release|Any CPU = Release|Any CPU
	EndGlobalSection
	GlobalSection(ProjectConfigurationPlatforms) = postSolution
		{16109282-5A65-4E93-98F5-BEA31EEF0AA8}.Debug|Any CPU.ActiveCfg = Debug|Any CPU
		{16109282-5A65-4E93-98F5-BEA31EEF0AA8}.Debug|Any CPU.Build.0 = Debug|Any CPU
		{16109282-5A65-4E93-98F5-BEA31EEF0AA8}.Debug|Any CPU.Deploy.0 = Debug|Any CPU
		{16109282-5A65-4E93-98F5-BEA31EEF0AA8}.Release|Any CPU.ActiveCfg = Release|Any CPU
		{16109282-5A65-4E93-98F5-BEA31EEF0AA8}.Release|Any CPU.Build.0 = Release|Any CPU
		{16109282-5A65-4E93-98F5-BEA31EEF0AA8}.Release|Any CPU.Deploy.0 = Release|Any CPU
	EndGlobalSection
	GlobalSection(SolutionProperties) = preSolution
		HideSolutionNode = FALSE
	EndGlobalSection
	GlobalSection(ExtensibilityGlobals) = postSolution
		SolutionGuid = {502DE6BC-01B4-4BF9-A833-6A68F3AD53FC}
	EndGlobalSection
EndGlobal
